
Microsoft Visual Studio Solution File, Format Version 12.00
# Visual Studio 15
VisualStudioVersion = 15.0.27004.2005
MinimumVisualStudioVersion = 10.0.40219.1
Project("{FAE04EC0-301F-11D3-BF4B-00C04F79EFBC}") = "KNN-CSHARP", "KNN-CSHARP\KNN-CSHARP.csproj", "{8390D8A0-F260-4E0F-9B51-F73AD82DA332}"
EndProject
Global
	GlobalSection(SolutionConfigurationPlatforms) = preSolution
		Debug|Any CPU = Debug|Any CPU
		Release|Any CPU = Release|Any CPU
	EndGlobalSection
	GlobalSection(ProjectConfigurationPlatforms) = postSolution
		{8390D8A0-F260-4E0F-9B51-F73AD82DA332}.Debug|Any CPU.ActiveCfg = Debug|Any CPU
		{8390D8A0-F260-4E0F-9B51-F73AD82DA332}.Debug|Any CPU.Build.0 = Debug|Any CPU
		{8390D8A0-F260-4E0F-9B51-F73AD82DA332}.Release|Any CPU.ActiveCfg = Release|Any CPU
		{8390D8A0-F260-4E0F-9B51-F73AD82DA332}.Release|Any CPU.Build.0 = Release|Any CPU
	EndGlobalSection
	GlobalSection(SolutionProperties) = preSolution
		HideSolutionNode = FALSE
	EndGlobalSection
	GlobalSection(ExtensibilityGlobals) = postSolution
		SolutionGuid = {0B3F1528-608A-4771-8915-A64782694000}
	EndGlobalSection
EndGlobal
